
Microsoft Visual Studio Solution File, Format Version 12.00
# Visual Studio 2012
Project("{FAE04EC0-301F-11D3-BF4B-00C04F79EFBC}") = "MyAspMVC1", "MyAspMVC1\MyAspMVC1.csproj", "{D61894AE-DC34-4A7B-AB2F-7EC9997B2F6B}"
EndProject
Project("{FAE04EC0-301F-11D3-BF4B-00C04F79EFBC}") = "MyAspMVC1.Tests", "MyAspMVC1.Tests\MyAspMVC1.Tests.csproj", "{D8C25EC9-4D98-4553-A6AA-14D609BB6824}"
EndProject
Global
	GlobalSection(SolutionConfigurationPlatforms) = preSolution
		Debug|Any CPU = Debug|Any CPU
		Release|Any CPU = Release|Any CPU
	EndGlobalSection
	GlobalSection(ProjectConfigurationPlatforms) = postSolution
		{D61894AE-DC34-4A7B-AB2F-7EC9997B2F6B}.Debug|Any CPU.ActiveCfg = Debug|Any CPU
		{D61894AE-DC34-4A7B-AB2F-7EC9997B2F6B}.Debug|Any CPU.Build.0 = Debug|Any CPU
		{D61894AE-DC34-4A7B-AB2F-7EC9997B2F6B}.Release|Any CPU.ActiveCfg = Release|Any CPU
		{D61894AE-DC34-4A7B-AB2F-7EC9997B2F6B}.Release|Any CPU.Build.0 = Release|Any CPU
		{D8C25EC9-4D98-4553-A6AA-14D609BB6824}.Debug|Any CPU.ActiveCfg = Debug|Any CPU
		{D8C25EC9-4D98-4553-A6AA-14D609BB6824}.Debug|Any CPU.Build.0 = Debug|Any CPU
		{D8C25EC9-4D98-4553-A6AA-14D609BB6824}.Release|Any CPU.ActiveCfg = Release|Any CPU
		{D8C25EC9-4D98-4553-A6AA-14D609BB6824}.Release|Any CPU.Build.0 = Release|Any CPU
	EndGlobalSection
	GlobalSection(SolutionProperties) = preSolution
		HideSolutionNode = FALSE
	EndGlobalSection
EndGlobal
